
Microsoft Visual Studio Solution File, Format Version 12.00
# Visual Studio 14
VisualStudioVersion = 14.0.25420.1
MinimumVisualStudioVersion = 10.0.40219.1
Project("{FAE04EC0-301F-11D3-BF4B-00C04F79EFBC}") = "AccesControl", "AccesControl\AccesControl.csproj", "{0E4B9EEC-DCDB-449B-99B2-7D70A9F8F591}"
EndProject
Project("{FAE04EC0-301F-11D3-BF4B-00C04F79EFBC}") = "AccesControlWS", "AccesControlWS\AccesControlWS.csproj", "{05DDB11A-3F43-4FA3-A337-493D7D4A7552}"
EndProject
Global
	GlobalSection(SolutionConfigurationPlatforms) = preSolution
		Debug|Any CPU = Debug|Any CPU
		Release|Any CPU = Release|Any CPU
	EndGlobalSection
	GlobalSection(ProjectConfigurationPlatforms) = postSolution
		{0E4B9EEC-DCDB-449B-99B2-7D70A9F8F591}.Debug|Any CPU.ActiveCfg = Debug|Any CPU
		{0E4B9EEC-DCDB-449B-99B2-7D70A9F8F591}.Debug|Any CPU.Build.0 = Debug|Any CPU
		{0E4B9EEC-DCDB-449B-99B2-7D70A9F8F591}.Release|Any CPU.ActiveCfg = Release|Any CPU
		{0E4B9EEC-DCDB-449B-99B2-7D70A9F8F591}.Release|Any CPU.Build.0 = Release|Any CPU
		{05DDB11A-3F43-4FA3-A337-493D7D4A7552}.Debug|Any CPU.ActiveCfg = Debug|Any CPU
		{05DDB11A-3F43-4FA3-A337-493D7D4A7552}.Debug|Any CPU.Build.0 = Debug|Any CPU
		{05DDB11A-3F43-4FA3-A337-493D7D4A7552}.Release|Any CPU.ActiveCfg = Release|Any CPU
		{05DDB11A-3F43-4FA3-A337-493D7D4A7552}.Release|Any CPU.Build.0 = Release|Any CPU
	EndGlobalSection
	GlobalSection(SolutionProperties) = preSolution
		HideSolutionNode = FALSE
	EndGlobalSection
EndGlobal
